# This file is automatically @generated by Cargo.
# It is not intended for manual editing.
version = 3

[[package]]
name = "ECS"
version = "0.1.0"
dependencies = [
 "any_vec",
]

[[package]]
name = "any_vec"
version = "0.11.0"
source = "registry+https://github.com/rust-lang/crates.io-index"
checksum = "5b56408f2dd866296398209442769a8bbe71a0a8a6097d68bf5de3bfcceb22f7"
